
Microsoft Visual Studio Solution File, Format Version 12.00
# Visual Studio Version 17
VisualStudioVersion = 17.14.36915.13 d17.14
MinimumVisualStudioVersion = 10.0.40219.1
Project("{FAE04EC0-301F-11D3-BF4B-00C04F79EFBC}") = "CyberSecurityChatBotAssignment", "CyberSecurityChatBotAssignment.csproj", "{30759DF3-E216-4143-9551-A726A77F40C2}"
EndProject
Global
	GlobalSection(SolutionConfigurationPlatforms) = preSolution
		Debug|Any CPU = Debug|Any CPU
		Release|Any CPU = Release|Any CPU
	EndGlobalSection
	GlobalSection(ProjectConfigurationPlatforms) = postSolution
		{30759DF3-E216-4143-9551-A726A77F40C2}.Debug|Any CPU.ActiveCfg = Debug|Any CPU
		{30759DF3-E216-4143-9551-A726A77F40C2}.Debug|Any CPU.Build.0 = Debug|Any CPU
		{30759DF3-E216-4143-9551-A726A77F40C2}.Release|Any CPU.ActiveCfg = Release|Any CPU
		{30759DF3-E216-4143-9551-A726A77F40C2}.Release|Any CPU.Build.0 = Release|Any CPU
	EndGlobalSection
	GlobalSection(SolutionProperties) = preSolution
		HideSolutionNode = FALSE
	EndGlobalSection
	GlobalSection(ExtensibilityGlobals) = postSolution
		SolutionGuid = {94FB71D4-92FE-432C-87D3-72A48BB65984}
	EndGlobalSection
EndGlobal
